PODS:
  - FreeForm (0.1.02):
    - Validator (~> 3.1.1)
  - Validator (3.1.1)

DEPENDENCIES:
  - FreeForm (from `../`)
  - Validator (~> 3.1.1)

SPEC REPOS:
  https://github.com/cocoapods/specs.git:
    - Validator

EXTERNAL SOURCES:
  FreeForm:
    :path: "../"

SPEC CHECKSUMS:
  FreeForm: dbecd02e9cd575e2b0ed1729e0aa956a63568c78
  Validator: b34ab17a8fffd0c1ffd8f9002ead4d1e02cd9e6e

PODFILE CHECKSUM: aa109ebbf511d77d49574af6ee247d27ce7d4a27

COCOAPODS: 1.5.3
