PODS:
  - FreeForm (0.1.01):
    - Validator (~> 2.1.1)
  - Validator (2.1.1)

DEPENDENCIES:
  - FreeForm (from `../`)
  - Validator (~> 2.1.1)

EXTERNAL SOURCES:
  FreeForm:
    :path: ../

SPEC CHECKSUMS:
  FreeForm: 7c184724144c49e06e4f7ae949af0facb06d3343
  Validator: b1793fbfd0046097551d0edd18e2c30792d69ef5

PODFILE CHECKSUM: 224a6a904c5ee40ca1fdbdb32ea35f56132a876e

COCOAPODS: 1.1.1
